
Microsoft Visual Studio Solution File, Format Version 12.00
# Visual Studio Version 16
VisualStudioVersion = 16.0.30011.22
MinimumVisualStudioVersion = 10.0.40219.1
Project("{FAE04EC0-301F-11D3-BF4B-00C04F79EFBC}") = "Reconhecimento_Facial_Trab", "Reconhecimento_Facial_Trab\Reconhecimento_Facial_Trab.csproj", "{43534712-6204-4CA6-B2E1-0E1D597E5616}"
EndProject
Global
	GlobalSection(SolutionConfigurationPlatforms) = preSolution
		Debug|Any CPU = Debug|Any CPU
		Release|Any CPU = Release|Any CPU
	EndGlobalSection
	GlobalSection(ProjectConfigurationPlatforms) = postSolution
		{43534712-6204-4CA6-B2E1-0E1D597E5616}.Debug|Any CPU.ActiveCfg = Debug|Any CPU
		{43534712-6204-4CA6-B2E1-0E1D597E5616}.Debug|Any CPU.Build.0 = Debug|Any CPU
		{43534712-6204-4CA6-B2E1-0E1D597E5616}.Release|Any CPU.ActiveCfg = Release|Any CPU
		{43534712-6204-4CA6-B2E1-0E1D597E5616}.Release|Any CPU.Build.0 = Release|Any CPU
	EndGlobalSection
	GlobalSection(SolutionProperties) = preSolution
		HideSolutionNode = FALSE
	EndGlobalSection
	GlobalSection(ExtensibilityGlobals) = postSolution
		SolutionGuid = {4D6C1663-33C9-42F3-B4FA-C5EC72E865F0}
	EndGlobalSection
EndGlobal
